{
  "nodes": {
    "nix-ci": {
      "inputs": {
        "nixpkgs": [
          "nixpkgs"
        ]
      },
      "locked": {
        "lastModified": 1781024879,
        "narHash": "sha256-8ozTDZHX/vPVc21JuQHrNQcrsR+pFjKqAIhUyp+dcRQ=",
        "owner": "SeineEloquenz",
        "repo": "nix-ci",
        "rev": "b064d60cc5bb9b64a3945d51506930ab38935e8e",
        "type": "github"
      },
      "original": {
        "owner": "SeineEloquenz",
        "repo": "nix-ci",
        "type": "github"
      }
    },
    "nixpkgs": {
      "locked": {
        "lastModified": 1780749050,
        "narHash": "sha256-3av0pIjlOWQ6rDbNOmpUSvbNnJkGORQKKjb4LtCZsIY=",
        "owner": "NixOS",
        "repo": "nixpkgs",
        "rev": "a799d3e3886da994fa307f817a6bc705ae538eeb",
        "type": "github"
      },
      "original": {
        "owner": "NixOS",
        "ref": "nixos-unstable",
        "repo": "nixpkgs",
        "type": "github"
      }
    },
    "root": {
      "inputs": {
        "nix-ci": "nix-ci",
        "nixpkgs": "nixpkgs",
        "rust-overlay": "rust-overlay"
      }
    },
    "rust-overlay": {
      "inputs": {
        "nixpkgs": [
          "nixpkgs"
        ]
      },
      "locked": {
        "lastModified": 1780888890,
        "narHash": "sha256-MUQPFiskEENaJ2N82TRIqpKlHXGXJJkPfKH6W788oQo=",
        "owner": "oxalica",
        "repo": "rust-overlay",
        "rev": "7d5f8d75fc195a236b46633d7679139698aeb35f",
        "type": "github"
      },
      "original": {
        "owner": "oxalica",
        "repo": "rust-overlay",
        "type": "github"
      }
    }
  },
  "root": "root",
  "version": 7
}
